
Microsoft Visual Studio Solution File, Format Version 12.00
# Visual Studio Version 17
VisualStudioVersion = 17.10.35004.147
MinimumVisualStudioVersion = 10.0.40219.1
Project("{FAE04EC0-301F-11D3-BF4B-00C04F79EFBC}") = "BlazorWebApp", "BlazorWebApp\BlazorWebApp.csproj", "{D20059AD-4F63-4806-AEB5-3545A29875BE}"
EndProject
Project("{FAE04EC0-301F-11D3-BF4B-00C04F79EFBC}") = "BookCatalog.Data", "BookCatalog.Data\BookCatalog.Data.csproj", "{41715D4C-FE8C-49F9-B127-7361101580C2}"
EndProject
Project("{FAE04EC0-301F-11D3-BF4B-00C04F79EFBC}") = "BookCatalog.Application", "BookCatalog.Application\BookCatalog.Application.csproj", "{D98F5B7A-F1EA-4B47-BA81-6FAF92D3EF46}"
EndProject
Global
	GlobalSection(SolutionConfigurationPlatforms) = preSolution
		Debug|Any CPU = Debug|Any CPU
		Release|Any CPU = Release|Any CPU
	EndGlobalSection
	GlobalSection(ProjectConfigurationPlatforms) = postSolution
		{D20059AD-4F63-4806-AEB5-3545A29875BE}.Debug|Any CPU.ActiveCfg = Debug|Any CPU
		{D20059AD-4F63-4806-AEB5-3545A29875BE}.Debug|Any CPU.Build.0 = Debug|Any CPU
		{D20059AD-4F63-4806-AEB5-3545A29875BE}.Release|Any CPU.ActiveCfg = Release|Any CPU
		{D20059AD-4F63-4806-AEB5-3545A29875BE}.Release|Any CPU.Build.0 = Release|Any CPU
		{41715D4C-FE8C-49F9-B127-7361101580C2}.Debug|Any CPU.ActiveCfg = Debug|Any CPU
		{41715D4C-FE8C-49F9-B127-7361101580C2}.Debug|Any CPU.Build.0 = Debug|Any CPU
		{41715D4C-FE8C-49F9-B127-7361101580C2}.Release|Any CPU.ActiveCfg = Release|Any CPU
		{41715D4C-FE8C-49F9-B127-7361101580C2}.Release|Any CPU.Build.0 = Release|Any CPU
		{D98F5B7A-F1EA-4B47-BA81-6FAF92D3EF46}.Debug|Any CPU.ActiveCfg = Debug|Any CPU
		{D98F5B7A-F1EA-4B47-BA81-6FAF92D3EF46}.Debug|Any CPU.Build.0 = Debug|Any CPU
		{D98F5B7A-F1EA-4B47-BA81-6FAF92D3EF46}.Release|Any CPU.ActiveCfg = Release|Any CPU
		{D98F5B7A-F1EA-4B47-BA81-6FAF92D3EF46}.Release|Any CPU.Build.0 = Release|Any CPU
	EndGlobalSection
	GlobalSection(SolutionProperties) = preSolution
		HideSolutionNode = FALSE
	EndGlobalSection
	GlobalSection(ExtensibilityGlobals) = postSolution
		SolutionGuid = {3D601D23-DF59-4913-9309-400691C08AED}
	EndGlobalSection
EndGlobal
